{
  "name": "gitxplain",
  "version": "0.2.2",
  "lockfileVersion": 3,
  "requires": true,
  "packages": {
    "": {
      "name": "gitxplain",
      "version": "0.2.2",
      "license": "MIT",
      "dependencies": {
        "gitxplain": "^0.2.2"
      },
      "bin": {
        "gitxplain": "cli/index.js",
        "gitxplore": "cli/index.js"
      }
    },
    "node_modules/gitxplain": {
      "version": "0.2.2",
      "resolved": "https://registry.npmjs.org/gitxplain/-/gitxplain-0.2.2.tgz",
      "integrity": "sha512-6UekQYoOuysMc2can5HXwaPgQ0CYTcLWNb+enuvc648009FAPmY6Q7gwoF5m8QI0p3ssXQuWDkAc+Q4MwWVC3A==",
      "license": "MIT",
      "bin": {
        "gitxplain": "cli/index.js",
        "gitxplore": "cli/index.js"
      }
    }
  }
}
