{
  "name": "gitxplain",
  "version": "0.2.3",
  "lockfileVersion": 3,
  "requires": true,
  "packages": {
    "": {
      "name": "gitxplain",
      "version": "0.2.3",
      "license": "MIT",
      "dependencies": {
        "gitxplain": "^0.2.3"
      },
      "bin": {
        "gitxplain": "cli/index.js",
        "gx": "cli/index.js"
      }
    },
    "node_modules/gitxplain": {
      "version": "0.2.3",
      "resolved": "https://registry.npmjs.org/gitxplain/-/gitxplain-0.2.3.tgz",
      "integrity": "sha512-nMuei9+uNm/w39NW3/fYS798Rb5TIFFFGEzXownM4teG25Y0S5KMUFfs25gDgo9wH6+CIIUvuukToYHDxDRAaA==",
      "license": "MIT",
      "bin": {
        "gitxplain": "cli/index.js",
        "gx": "cli/index.js"
      }
    }
  }
}
